{
    "version": 3,
    "terraform_version": "0.11.8",
    "serial": 1,
    "lineage": "38703e6f-4bef-3473-cd74-cf1b7d1a68d7",
    "modules": [
        {
            "path": [
                "root"
            ],
            "outputs": {},
            "resources": {
                "aws_internet_gateway.dev-gw": {
                    "type": "aws_internet_gateway",
                    "depends_on": [
                        "aws_vpc.dev-vpc"
                    ],
                    "primary": {
                        "id": "igw-0009032875ec7550a",
                        "attributes": {
                            "id": "igw-0009032875ec7550a",
                            "owner_id": "960938931205",
                            "tags.%": "1",
                            "tags.Name": "DEV VPC IGW",
                            "vpc_id": "vpc-0226fd68f5b591acb"
                        },
                        "meta": {},
                        "tainted": false
                    },
                    "deposed": [],
                    "provider": "provider.aws"
                },
                "aws_route_table.dev-public-rt": {
                    "type": "aws_route_table",
                    "depends_on": [
                        "aws_internet_gateway.dev-gw",
                        "aws_vpc.dev-vpc"
                    ],
                    "primary": {
                        "id": "rtb-0a68a9e13a44a78f3",
                        "attributes": {
                            "id": "rtb-0a68a9e13a44a78f3",
                            "owner_id": "960938931205",
                            "propagating_vgws.#": "0",
                            "route.#": "1",
                            "route.1642701669.cidr_block": "0.0.0.0/0",
                            "route.1642701669.egress_only_gateway_id": "",
                            "route.1642701669.gateway_id": "igw-0009032875ec7550a",
                            "route.1642701669.instance_id": "",
                            "route.1642701669.ipv6_cidr_block": "",
                            "route.1642701669.nat_gateway_id": "",
                            "route.1642701669.network_interface_id": "",
                            "route.1642701669.transit_gateway_id": "",
                            "route.1642701669.vpc_peering_connection_id": "",
                            "tags.%": "1",
                            "tags.Name": "DEV Public Subnet RT",
                            "vpc_id": "vpc-0226fd68f5b591acb"
                        },
                        "meta": {},
                        "tainted": false
                    },
                    "deposed": [],
                    "provider": "provider.aws"
                },
                "aws_route_table_association.DEV-public-rt": {
                    "type": "aws_route_table_association",
                    "depends_on": [
                        "aws_route_table.dev-public-rt",
                        "aws_subnet.dev-public-subnet"
                    ],
                    "primary": {
                        "id": "rtbassoc-01c087bf9b661660a",
                        "attributes": {
                            "id": "rtbassoc-01c087bf9b661660a",
                            "route_table_id": "rtb-0a68a9e13a44a78f3",
                            "subnet_id": "subnet-010d9c78fd38f7cf1"
                        },
                        "meta": {},
                        "tainted": false
                    },
                    "deposed": [],
                    "provider": "provider.aws"
                },
                "aws_security_group.dev-sgdb": {
                    "type": "aws_security_group",
                    "depends_on": [
                        "aws_vpc.dev-vpc"
                    ],
                    "primary": {
                        "id": "sg-00b8eb5b1b559caf6",
                        "attributes": {
                            "arn": "arn:aws:ec2:us-east-1:960938931205:security-group/sg-00b8eb5b1b559caf6",
                            "description": "Allow traffic from public subnet",
                            "egress.#": "0",
                            "id": "sg-00b8eb5b1b559caf6",
                            "ingress.#": "2",
                            "ingress.2709622021.cidr_blocks.#": "1",
                            "ingress.2709622021.cidr_blocks.0": "10.0.1.0/24",
                            "ingress.2709622021.description": "",
                            "ingress.2709622021.from_port": "22",
                            "ingress.2709622021.ipv6_cidr_blocks.#": "0",
                            "ingress.2709622021.prefix_list_ids.#": "0",
                            "ingress.2709622021.protocol": "tcp",
                            "ingress.2709622021.security_groups.#": "0",
                            "ingress.2709622021.self": "false",
                            "ingress.2709622021.to_port": "22",
                            "ingress.957905739.cidr_blocks.#": "1",
                            "ingress.957905739.cidr_blocks.0": "10.0.1.0/24",
                            "ingress.957905739.description": "",
                            "ingress.957905739.from_port": "3306",
                            "ingress.957905739.ipv6_cidr_blocks.#": "0",
                            "ingress.957905739.prefix_list_ids.#": "0",
                            "ingress.957905739.protocol": "tcp",
                            "ingress.957905739.security_groups.#": "0",
                            "ingress.957905739.self": "false",
                            "ingress.957905739.to_port": "3306",
                            "name": "sg_DEV_web",
                            "owner_id": "960938931205",
                            "revoke_rules_on_delete": "false",
                            "tags.%": "1",
                            "tags.Name": "Postgres SG",
                            "vpc_id": "vpc-0226fd68f5b591acb"
                        },
                        "meta": {
                            "e2bfb730-ecaa-11e6-8f88-34363bc7c4c0": {
                                "create": 600000000000,
                                "delete": 600000000000
                            },
                            "schema_version": "1"
                        },
                        "tainted": false
                    },
                    "deposed": [],
                    "provider": "provider.aws"
                },
                "aws_security_group.dev-sgweb": {
                    "type": "aws_security_group",
                    "depends_on": [
                        "aws_vpc.dev-vpc"
                    ],
                    "primary": {
                        "id": "sg-023c62e15d9833f23",
                        "attributes": {
                            "arn": "arn:aws:ec2:us-east-1:960938931205:security-group/sg-023c62e15d9833f23",
                            "description": "Allow incoming HTTP connections \u0026 SSH access",
                            "egress.#": "0",
                            "id": "sg-023c62e15d9833f23",
                            "ingress.#": "3",
                            "ingress.2214680975.cidr_blocks.#": "1",
                            "ingress.2214680975.cidr_blocks.0": "0.0.0.0/0",
                            "ingress.2214680975.description": "",
                            "ingress.2214680975.from_port": "80",
                            "ingress.2214680975.ipv6_cidr_blocks.#": "0",
                            "ingress.2214680975.prefix_list_ids.#": "0",
                            "ingress.2214680975.protocol": "tcp",
                            "ingress.2214680975.security_groups.#": "0",
                            "ingress.2214680975.self": "false",
                            "ingress.2214680975.to_port": "80",
                            "ingress.2541437006.cidr_blocks.#": "1",
                            "ingress.2541437006.cidr_blocks.0": "0.0.0.0/0",
                            "ingress.2541437006.description": "",
                            "ingress.2541437006.from_port": "22",
                            "ingress.2541437006.ipv6_cidr_blocks.#": "0",
                            "ingress.2541437006.prefix_list_ids.#": "0",
                            "ingress.2541437006.protocol": "tcp",
                            "ingress.2541437006.security_groups.#": "0",
                            "ingress.2541437006.self": "false",
                            "ingress.2541437006.to_port": "22",
                            "ingress.2617001939.cidr_blocks.#": "1",
                            "ingress.2617001939.cidr_blocks.0": "0.0.0.0/0",
                            "ingress.2617001939.description": "",
                            "ingress.2617001939.from_port": "443",
                            "ingress.2617001939.ipv6_cidr_blocks.#": "0",
                            "ingress.2617001939.prefix_list_ids.#": "0",
                            "ingress.2617001939.protocol": "tcp",
                            "ingress.2617001939.security_groups.#": "0",
                            "ingress.2617001939.self": "false",
                            "ingress.2617001939.to_port": "443",
                            "name": "vpc_DEV_web",
                            "owner_id": "960938931205",
                            "revoke_rules_on_delete": "false",
                            "tags.%": "1",
                            "tags.Name": "DEV Web SG",
                            "vpc_id": "vpc-0226fd68f5b591acb"
                        },
                        "meta": {
                            "e2bfb730-ecaa-11e6-8f88-34363bc7c4c0": {
                                "create": 600000000000,
                                "delete": 600000000000
                            },
                            "schema_version": "1"
                        },
                        "tainted": false
                    },
                    "deposed": [],
                    "provider": "provider.aws"
                },
                "aws_subnet.dev-private-subnet": {
                    "type": "aws_subnet",
                    "depends_on": [
                        "aws_vpc.dev-vpc"
                    ],
                    "primary": {
                        "id": "subnet-0d3d7655eccaafa60",
                        "attributes": {
                            "arn": "arn:aws:ec2:us-east-1:960938931205:subnet/subnet-0d3d7655eccaafa60",
                            "assign_ipv6_address_on_creation": "false",
                            "availability_zone": "us-east-1b",
                            "availability_zone_id": "use1-az1",
                            "cidr_block": "10.0.2.0/24",
                            "id": "subnet-0d3d7655eccaafa60",
                            "ipv6_cidr_block": "",
                            "ipv6_cidr_block_association_id": "",
                            "map_public_ip_on_launch": "false",
                            "owner_id": "960938931205",
                            "tags.%": "1",
                            "tags.Name": "Dev Private Subnet",
                            "vpc_id": "vpc-0226fd68f5b591acb"
                        },
                        "meta": {
                            "e2bfb730-ecaa-11e6-8f88-34363bc7c4c0": {
                                "create": 600000000000,
                                "delete": 1200000000000
                            },
                            "schema_version": "1"
                        },
                        "tainted": false
                    },
                    "deposed": [],
                    "provider": "provider.aws"
                },
                "aws_subnet.dev-public-subnet": {
                    "type": "aws_subnet",
                    "depends_on": [
                        "aws_vpc.dev-vpc"
                    ],
                    "primary": {
                        "id": "subnet-010d9c78fd38f7cf1",
                        "attributes": {
                            "arn": "arn:aws:ec2:us-east-1:960938931205:subnet/subnet-010d9c78fd38f7cf1",
                            "assign_ipv6_address_on_creation": "false",
                            "availability_zone": "us-east-1a",
                            "availability_zone_id": "use1-az6",
                            "cidr_block": "10.0.1.0/24",
                            "id": "subnet-010d9c78fd38f7cf1",
                            "ipv6_cidr_block": "",
                            "ipv6_cidr_block_association_id": "",
                            "map_public_ip_on_launch": "false",
                            "owner_id": "960938931205",
                            "tags.%": "1",
                            "tags.Name": "Dev Public Subnet",
                            "vpc_id": "vpc-0226fd68f5b591acb"
                        },
                        "meta": {
                            "e2bfb730-ecaa-11e6-8f88-34363bc7c4c0": {
                                "create": 600000000000,
                                "delete": 1200000000000
                            },
                            "schema_version": "1"
                        },
                        "tainted": false
                    },
                    "deposed": [],
                    "provider": "provider.aws"
                },
                "aws_vpc.dev-vpc": {
                    "type": "aws_vpc",
                    "depends_on": [],
                    "primary": {
                        "id": "vpc-0226fd68f5b591acb",
                        "attributes": {
                            "arn": "arn:aws:ec2:us-east-1:960938931205:vpc/vpc-0226fd68f5b591acb",
                            "assign_generated_ipv6_cidr_block": "false",
                            "cidr_block": "10.0.0.0/16",
                            "default_network_acl_id": "acl-0e74bc40f804c3217",
                            "default_route_table_id": "rtb-0f1c926ec5a68205f",
                            "default_security_group_id": "sg-04ddf0f4f286b803b",
                            "dhcp_options_id": "dopt-7e7f9c18",
                            "enable_classiclink": "false",
                            "enable_classiclink_dns_support": "false",
                            "enable_dns_hostnames": "true",
                            "enable_dns_support": "true",
                            "id": "vpc-0226fd68f5b591acb",
                            "instance_tenancy": "default",
                            "ipv6_association_id": "",
                            "ipv6_cidr_block": "",
                            "main_route_table_id": "rtb-0f1c926ec5a68205f",
                            "owner_id": "960938931205",
                            "tags.%": "1",
                            "tags.Name": "dev-vpc"
                        },
                        "meta": {
                            "schema_version": "1"
                        },
                        "tainted": false
                    },
                    "deposed": [],
                    "provider": "provider.aws"
                }
            },
            "depends_on": []
        }
    ]
}
